// !$*UTF8*$!
{
	archiveVersion = 1;
	classes = {
	};
	objectVersion = 56;
	objects = {

/* Begin PBXBuildFile section */
		9417322A2A14957D00BED3A4 /* AppDelegate.swift in Sources */ = {isa = PBXBuildFile; fileRef = 941732292A14957D00BED3A4 /* AppDelegate.swift */; };
		9417322C2A14957D00BED3A4 /* SceneDelegate.swift in Sources */ = {isa = PBXBuildFile; fileRef = 9417322B2A14957D00BED3A4 /* SceneDelegate.swift */; };
		9417322E2A14957D00BED3A4 /* CountriesList.swift in Sources */ = {isa = PBXBuildFile; fileRef = 9417322D2A14957D00BED3A4 /* CountriesList.swift */; };
		941732332A14957E00BED3A4 /* Assets.xcassets in Resources */ = {isa = PBXBuildFile; fileRef = 941732322A14957E00BED3A4 /* Assets.xcassets */; };
		941732362A14957E00BED3A4 /* LaunchScreen.storyboard in Resources */ = {isa = PBXBuildFile; fileRef = 941732342A14957E00BED3A4 /* LaunchScreen.storyboard */; };
		9417323E2A14958800BED3A4 /* .gitignore in Resources */ = {isa = PBXBuildFile; fileRef = 9417323D2A14958800BED3A4 /* .gitignore */; };
		94BAE2132A14970D00841856 /* SnapKit in Frameworks */ = {isa = PBXBuildFile; productRef = 94BAE2122A14970D00841856 /* SnapKit */; };
		94BAE2152A14A12000841856 /* CollapsedCountryCell.swift in Sources */ = {isa = PBXBuildFile; fileRef = 94BAE2142A14A12000841856 /* CollapsedCountryCell.swift */; };
		94BAE2172A14A3BE00841856 /* HeaderSectionView.swift in Sources */ = {isa = PBXBuildFile; fileRef = 94BAE2162A14A3BE00841856 /* HeaderSectionView.swift */; };
		94BAE22C2A14A6B700841856 /* SF-Pro-Text-Semibold.otf in Resources */ = {isa = PBXBuildFile; fileRef = 94BAE21A2A14A6B500841856 /* SF-Pro-Text-Semibold.otf */; };
		94BAE2332A14A6B700841856 /* SF-Pro-Text-Regular.otf in Resources */ = {isa = PBXBuildFile; fileRef = 94BAE2212A14A6B600841856 /* SF-Pro-Text-Regular.otf */; };
		94BAE2382A14A6B700841856 /* SF-Pro-Text-Bold.otf in Resources */ = {isa = PBXBuildFile; fileRef = 94BAE2262A14A6B600841856 /* SF-Pro-Text-Bold.otf */; };
		94BAE23C2A14A6B700841856 /* SF-Pro-Text-Medium.otf in Resources */ = {isa = PBXBuildFile; fileRef = 94BAE22A2A14A6B700841856 /* SF-Pro-Text-Medium.otf */; };
		94BAE23E2A14A93200841856 /* ExpandedCountryCell.swift in Sources */ = {isa = PBXBuildFile; fileRef = 94BAE23D2A14A93200841856 /* ExpandedCountryCell.swift */; };
/* End PBXBuildFile section */

/* Begin PBXFileReference section */
		941732262A14957D00BED3A4 /* WorldAtlas.app */ = {isa = PBXFileReference; explicitFileType = wrapper.application; includeInIndex = 0; path = WorldAtlas.app; sourceTree = BUILT_PRODUCTS_DIR; };
		941732292A14957D00BED3A4 /* AppDelegate.swift */ = {isa = PBXFileReference; lastKnownFileType = sourcecode.swift; path = AppDelegate.swift; sourceTree = "<group>"; };
		9417322B2A14957D00BED3A4 /* SceneDelegate.swift */ = {isa = PBXFileReference; lastKnownFileType = sourcecode.swift; path = SceneDelegate.swift; sourceTree = "<group>"; };
		9417322D2A14957D00BED3A4 /* CountriesList.swift */ = {isa = PBXFileReference; lastKnownFileType = sourcecode.swift; path = CountriesList.swift; sourceTree = "<group>"; };
		941732322A14957E00BED3A4 /* Assets.xcassets */ = {isa = PBXFileReference; lastKnownFileType = folder.assetcatalog; path = Assets.xcassets; sourceTree = "<group>"; };
		941732352A14957E00BED3A4 /* Base */ = {isa = PBXFileReference; lastKnownFileType = file.storyboard; name = Base; path = Base.lproj/LaunchScreen.storyboard; sourceTree = "<group>"; };
		941732372A14957E00BED3A4 /* Info.plist */ = {isa = PBXFileReference; lastKnownFileType = text.plist.xml; path = Info.plist; sourceTree = "<group>"; };
		9417323D2A14958800BED3A4 /* .gitignore */ = {isa = PBXFileReference; lastKnownFileType = text; path = .gitignore; sourceTree = "<group>"; };
		94BAE2142A14A12000841856 /* CollapsedCountryCell.swift */ = {isa = PBXFileReference; lastKnownFileType = sourcecode.swift; path = CollapsedCountryCell.swift; sourceTree = "<group>"; };
		94BAE2162A14A3BE00841856 /* HeaderSectionView.swift */ = {isa = PBXFileReference; lastKnownFileType = sourcecode.swift; path = HeaderSectionView.swift; sourceTree = "<group>"; };
		94BAE21A2A14A6B500841856 /* SF-Pro-Text-Semibold.otf */ = {isa = PBXFileReference; lastKnownFileType = file; path = "SF-Pro-Text-Semibold.otf"; sourceTree = "<group>"; };
		94BAE2212A14A6B600841856 /* SF-Pro-Text-Regular.otf */ = {isa = PBXFileReference; lastKnownFileType = file; path = "SF-Pro-Text-Regular.otf"; sourceTree = "<group>"; };
		94BAE2262A14A6B600841856 /* SF-Pro-Text-Bold.otf */ = {isa = PBXFileReference; lastKnownFileType = file; path = "SF-Pro-Text-Bold.otf"; sourceTree = "<group>"; };
		94BAE22A2A14A6B700841856 /* SF-Pro-Text-Medium.otf */ = {isa = PBXFileReference; lastKnownFileType = file; path = "SF-Pro-Text-Medium.otf"; sourceTree = "<group>"; };
		94BAE23D2A14A93200841856 /* ExpandedCountryCell.swift */ = {isa = PBXFileReference; lastKnownFileType = sourcecode.swift; path = ExpandedCountryCell.swift; sourceTree = "<group>"; };
/* End PBXFileReference section */

/* Begin PBXFrameworksBuildPhase section */
		941732232A14957D00BED3A4 /* Frameworks */ = {
			isa = PBXFrameworksBuildPhase;
			buildActionMask = 2147483647;
			files = (
				94BAE2132A14970D00841856 /* SnapKit in Frameworks */,
			);
			runOnlyForDeploymentPostprocessing = 0;
		};
/* End PBXFrameworksBuildPhase section */

/* Begin PBXGroup section */
		9417321D2A14957D00BED3A4 = {
			isa = PBXGroup;
			children = (
				9417323D2A14958800BED3A4 /* .gitignore */,
				941732282A14957D00BED3A4 /* WorldAtlas */,
				941732272A14957D00BED3A4 /* Products */,
			);
			sourceTree = "<group>";
		};
		941732272A14957D00BED3A4 /* Products */ = {
			isa = PBXGroup;
			children = (
				941732262A14957D00BED3A4 /* WorldAtlas.app */,
			);
			name = Products;
			sourceTree = "<group>";
		};
		941732282A14957D00BED3A4 /* WorldAtlas */ = {
			isa = PBXGroup;
			children = (
				94BAE2102A1496C400841856 /* Model */,
				94BAE20E2A1496BA00841856 /* Controller */,
				94BAE20F2A1496C000841856 /* View */,
				94BAE20D2A14968900841856 /* Support files */,
			);
			path = WorldAtlas;
			sourceTree = "<group>";
		};
		94BAE20D2A14968900841856 /* Support files */ = {
			isa = PBXGroup;
			children = (
				94BAE2182A14A63A00841856 /* Fonts */,
				941732292A14957D00BED3A4 /* AppDelegate.swift */,
				9417322B2A14957D00BED3A4 /* SceneDelegate.swift */,
				941732322A14957E00BED3A4 /* Assets.xcassets */,
				941732342A14957E00BED3A4 /* LaunchScreen.storyboard */,
				941732372A14957E00BED3A4 /* Info.plist */,
			);
			path = "Support files";
			sourceTree = "<group>";
		};
		94BAE20E2A1496BA00841856 /* Controller */ = {
			isa = PBXGroup;
			children = (
				9417322D2A14957D00BED3A4 /* CountriesList.swift */,
			);
			path = Controller;
			sourceTree = "<group>";
		};
		94BAE20F2A1496C000841856 /* View */ = {
			isa = PBXGroup;
			children = (
				94BAE2142A14A12000841856 /* CollapsedCountryCell.swift */,
				94BAE23D2A14A93200841856 /* ExpandedCountryCell.swift */,
				94BAE2162A14A3BE00841856 /* HeaderSectionView.swift */,
			);
			path = View;
			sourceTree = "<group>";
		};
		94BAE2102A1496C400841856 /* Model */ = {
			isa = PBXGroup;
			children = (
			);
			path = Model;
			sourceTree = "<group>";
		};
		94BAE2182A14A63A00841856 /* Fonts */ = {
			isa = PBXGroup;
			children = (
				94BAE2262A14A6B600841856 /* SF-Pro-Text-Bold.otf */,
				94BAE22A2A14A6B700841856 /* SF-Pro-Text-Medium.otf */,
				94BAE2212A14A6B600841856 /* SF-Pro-Text-Regular.otf */,
				94BAE21A2A14A6B500841856 /* SF-Pro-Text-Semibold.otf */,
			);
			path = Fonts;
			sourceTree = "<group>";
		};
/* End PBXGroup section */

/* Begin PBXNativeTarget section */
		941732252A14957D00BED3A4 /* WorldAtlas */ = {
			isa = PBXNativeTarget;
			buildConfigurationList = 9417323A2A14957E00BED3A4 /* Build configuration list for PBXNativeTarget "WorldAtlas" */;
			buildPhases = (
				941732222A14957D00BED3A4 /* Sources */,
				941732232A14957D00BED3A4 /* Frameworks */,
				941732242A14957D00BED3A4 /* Resources */,
			);
			buildRules = (
			);
			dependencies = (
			);
			name = WorldAtlas;
			packageProductDependencies = (
				94BAE2122A14970D00841856 /* SnapKit */,
			);
			productName = WorldAtlas;
			productReference = 941732262A14957D00BED3A4 /* WorldAtlas.app */;
			productType = "com.apple.product-type.application";
		};
/* End PBXNativeTarget section */

/* Begin PBXProject section */
		9417321E2A14957D00BED3A4 /* Project object */ = {
			isa = PBXProject;
			attributes = {
				BuildIndependentTargetsInParallel = 1;
				LastSwiftUpdateCheck = 1420;
				LastUpgradeCheck = 1420;
				TargetAttributes = {
					941732252A14957D00BED3A4 = {
						CreatedOnToolsVersion = 14.2;
					};
				};
			};
			buildConfigurationList = 941732212A14957D00BED3A4 /* Build configuration list for PBXProject "WorldAtlas" */;
			compatibilityVersion = "Xcode 14.0";
			developmentRegion = en;
			hasScannedForEncodings = 0;
			knownRegions = (
				en,
				Base,
			);
			mainGroup = 9417321D2A14957D00BED3A4;
			packageReferences = (
				94BAE2112A14970D00841856 /* XCRemoteSwiftPackageReference "SnapKit" */,
			);
			productRefGroup = 941732272A14957D00BED3A4 /* Products */;
			projectDirPath = "";
			projectRoot = "";
			targets = (
				941732252A14957D00BED3A4 /* WorldAtlas */,
			);
		};
/* End PBXProject section */

/* Begin PBXResourcesBuildPhase section */
		941732242A14957D00BED3A4 /* Resources */ = {
			isa = PBXResourcesBuildPhase;
			buildActionMask = 2147483647;
			files = (
				9417323E2A14958800BED3A4 /* .gitignore in Resources */,
				94BAE23C2A14A6B700841856 /* SF-Pro-Text-Medium.otf in Resources */,
				941732362A14957E00BED3A4 /* LaunchScreen.storyboard in Resources */,
				94BAE2382A14A6B700841856 /* SF-Pro-Text-Bold.otf in Resources */,
				94BAE2332A14A6B700841856 /* SF-Pro-Text-Regular.otf in Resources */,
				94BAE22C2A14A6B700841856 /* SF-Pro-Text-Semibold.otf in Resources */,
				941732332A14957E00BED3A4 /* Assets.xcassets in Resources */,
			);
			runOnlyForDeploymentPostprocessing = 0;
		};
/* End PBXResourcesBuildPhase section */

/* Begin PBXSourcesBuildPhase section */
		941732222A14957D00BED3A4 /* Sources */ = {
			isa = PBXSourcesBuildPhase;
			buildActionMask = 2147483647;
			files = (
				94BAE2172A14A3BE00841856 /* HeaderSectionView.swift in Sources */,
				94BAE23E2A14A93200841856 /* ExpandedCountryCell.swift in Sources */,
				9417322E2A14957D00BED3A4 /* CountriesList.swift in Sources */,
				9417322A2A14957D00BED3A4 /* AppDelegate.swift in Sources */,
				94BAE2152A14A12000841856 /* CollapsedCountryCell.swift in Sources */,
				9417322C2A14957D00BED3A4 /* SceneDelegate.swift in Sources */,
			);
			runOnlyForDeploymentPostprocessing = 0;
		};
/* End PBXSourcesBuildPhase section */

/* Begin PBXVariantGroup section */
		941732342A14957E00BED3A4 /* LaunchScreen.storyboard */ = {
			isa = PBXVariantGroup;
			children = (
				941732352A14957E00BED3A4 /* Base */,
			);
			name = LaunchScreen.storyboard;
			sourceTree = "<group>";
		};
/* End PBXVariantGroup section */

/* Begin XCBuildConfiguration section */
		941732382A14957E00BED3A4 /* Debug */ = {
			isa = XCBuildConfiguration;
			buildSettings = {
				ALWAYS_SEARCH_USER_PATHS = NO;
				CLANG_ANALYZER_NONNULL = YES;
				CLANG_ANALYZER_NUMBER_OBJECT_CONVERSION = YES_AGGRESSIVE;
				CLANG_CXX_LANGUAGE_STANDARD = "gnu++20";
				CLANG_ENABLE_MODULES = YES;
				CLANG_ENABLE_OBJC_ARC = YES;
				CLANG_ENABLE_OBJC_WEAK = YES;
				CLANG_WARN_BLOCK_CAPTURE_AUTORELEASING = YES;
				CLANG_WARN_BOOL_CONVERSION = YES;
				CLANG_WARN_COMMA = YES;
				CLANG_WARN_CONSTANT_CONVERSION = YES;
				CLANG_WARN_DEPRECATED_OBJC_IMPLEMENTATIONS = YES;
				CLANG_WARN_DIRECT_OBJC_ISA_USAGE = YES_ERROR;
				CLANG_WARN_DOCUMENTATION_COMMENTS = YES;
				CLANG_WARN_EMPTY_BODY = YES;
				CLANG_WARN_ENUM_CONVERSION = YES;
				CLANG_WARN_INFINITE_RECURSION = YES;
				CLANG_WARN_INT_CONVERSION = YES;
				CLANG_WARN_NON_LITERAL_NULL_CONVERSION = YES;
				CLANG_WARN_OBJC_IMPLICIT_RETAIN_SELF = YES;
				CLANG_WARN_OBJC_LITERAL_CONVERSION = YES;
				CLANG_WARN_OBJC_ROOT_CLASS = YES_ERROR;
				CLANG_WARN_QUOTED_INCLUDE_IN_FRAMEWORK_HEADER = YES;
				CLANG_WARN_RANGE_LOOP_ANALYSIS = YES;
				CLANG_WARN_STRICT_PROTOTYPES = YES;
				CLANG_WARN_SUSPICIOUS_MOVE = YES;
				CLANG_WARN_UNGUARDED_AVAILABILITY = YES_AGGRESSIVE;
				CLANG_WARN_UNREACHABLE_CODE = YES;
				CLANG_WARN__DUPLICATE_METHOD_MATCH = YES;
				COPY_PHASE_STRIP = NO;
				DEBUG_INFORMATION_FORMAT = dwarf;
				ENABLE_STRICT_OBJC_MSGSEND = YES;
				ENABLE_TESTABILITY = YES;
				GCC_C_LANGUAGE_STANDARD = gnu11;
				GCC_DYNAMIC_NO_PIC = NO;
				GCC_NO_COMMON_BLOCKS = YES;
				GCC_OPTIMIZATION_LEVEL = 0;
				GCC_PREPROCESSOR_DEFINITIONS = (
					"DEBUG=1",
					"$(inherited)",
				);
				GCC_WARN_64_TO_32_BIT_CONVERSION = YES;
				GCC_WARN_ABOUT_RETURN_TYPE = YES_ERROR;
				GCC_WARN_UNDECLARED_SELECTOR = YES;
				GCC_WARN_UNINITIALIZED_AUTOS = YES_AGGRESSIVE;
				GCC_WARN_UNUSED_FUNCTION = YES;
				GCC_WARN_UNUSED_VARIABLE = YES;
				IPHONEOS_DEPLOYMENT_TARGET = 16.2;
				MTL_ENABLE_DEBUG_INFO = INCLUDE_SOURCE;
				MTL_FAST_MATH = YES;
				ONLY_ACTIVE_ARCH = YES;
				SDKROOT = iphoneos;
				SWIFT_ACTIVE_COMPILATION_CONDITIONS = DEBUG;
				SWIFT_OPTIMIZATION_LEVEL = "-Onone";
			};
			name = Debug;
		};
		941732392A14957E00BED3A4 /* Release */ = {
			isa = XCBuildConfiguration;
			buildSettings = {
				ALWAYS_SEARCH_USER_PATHS = NO;
				CLANG_ANALYZER_NONNULL = YES;
				CLANG_ANALYZER_NUMBER_OBJECT_CONVERSION = YES_AGGRESSIVE;
				CLANG_CXX_LANGUAGE_STANDARD = "gnu++20";
				CLANG_ENABLE_MODULES = YES;
				CLANG_ENABLE_OBJC_ARC = YES;
				CLANG_ENABLE_OBJC_WEAK = YES;
				CLANG_WARN_BLOCK_CAPTURE_AUTORELEASING = YES;
				CLANG_WARN_BOOL_CONVERSION = YES;
				CLANG_WARN_COMMA = YES;
				CLANG_WARN_CONSTANT_CONVERSION = YES;
				CLANG_WARN_DEPRECATED_OBJC_IMPLEMENTATIONS = YES;
				CLANG_WARN_DIRECT_OBJC_ISA_USAGE = YES_ERROR;
				CLANG_WARN_DOCUMENTATION_COMMENTS = YES;
				CLANG_WARN_EMPTY_BODY = YES;
				CLANG_WARN_ENUM_CONVERSION = YES;
				CLANG_WARN_INFINITE_RECURSION = YES;
				CLANG_WARN_INT_CONVERSION = YES;
				CLANG_WARN_NON_LITERAL_NULL_CONVERSION = YES;
				CLANG_WARN_OBJC_IMPLICIT_RETAIN_SELF = YES;
				CLANG_WARN_OBJC_LITERAL_CONVERSION = YES;
				CLANG_WARN_OBJC_ROOT_CLASS = YES_ERROR;
				CLANG_WARN_QUOTED_INCLUDE_IN_FRAMEWORK_HEADER = YES;
				CLANG_WARN_RANGE_LOOP_ANALYSIS = YES;
				CLANG_WARN_STRICT_PROTOTYPES = YES;
				CLANG_WARN_SUSPICIOUS_MOVE = YES;
				CLANG_WARN_UNGUARDED_AVAILABILITY = YES_AGGRESSIVE;
				CLANG_WARN_UNREACHABLE_CODE = YES;
				CLANG_WARN__DUPLICATE_METHOD_MATCH = YES;
				COPY_PHASE_STRIP = NO;
				DEBUG_INFORMATION_FORMAT = "dwarf-with-dsym";
				ENABLE_NS_ASSERTIONS = NO;
				ENABLE_STRICT_OBJC_MSGSEND = YES;
				GCC_C_LANGUAGE_STANDARD = gnu11;
				GCC_NO_COMMON_BLOCKS = YES;
				GCC_WARN_64_TO_32_BIT_CONVERSION = YES;
				GCC_WARN_ABOUT_RETURN_TYPE = YES_ERROR;
				GCC_WARN_UNDECLARED_SELECTOR = YES;
				GCC_WARN_UNINITIALIZED_AUTOS = YES_AGGRESSIVE;
				GCC_WARN_UNUSED_FUNCTION = YES;
				GCC_WARN_UNUSED_VARIABLE = YES;
				IPHONEOS_DEPLOYMENT_TARGET = 16.2;
				MTL_ENABLE_DEBUG_INFO = NO;
				MTL_FAST_MATH = YES;
				SDKROOT = iphoneos;
				SWIFT_COMPILATION_MODE = wholemodule;
				SWIFT_OPTIMIZATION_LEVEL = "-O";
				VALIDATE_PRODUCT = YES;
			};
			name = Release;
		};
		9417323B2A14957E00BED3A4 /* Debug */ = {
			isa = XCBuildConfiguration;
			buildSettings = {
				ASSETCATALOG_COMPILER_APPICON_NAME = AppIcon;
				ASSETCATALOG_COMPILER_GLOBAL_ACCENT_COLOR_NAME = AccentColor;
				CODE_SIGN_STYLE = Automatic;
				CURRENT_PROJECT_VERSION = 1;
				DEVELOPMENT_TEAM = J8L5S42HGH;
				GENERATE_INFOPLIST_FILE = YES;
				INFOPLIST_FILE = "WorldAtlas/Support files/Info.plist";
				INFOPLIST_KEY_UIApplicationSupportsIndirectInputEvents = YES;
				INFOPLIST_KEY_UILaunchStoryboardName = LaunchScreen;
				INFOPLIST_KEY_UISupportedInterfaceOrientations_iPad = "UIInterfaceOrientationPortrait UIInterfaceOrientationPortraitUpsideDown UIInterfaceOrientationLandscapeLeft UIInterfaceOrientationLandscapeRight";
				INFOPLIST_KEY_UISupportedInterfaceOrientations_iPhone = "UIInterfaceOrientationPortrait UIInterfaceOrientationLandscapeLeft UIInterfaceOrientationLandscapeRight";
				LD_RUNPATH_SEARCH_PATHS = (
					"$(inherited)",
					"@executable_path/Frameworks",
				);
				MARKETING_VERSION = 1.0;
				PRODUCT_BUNDLE_IDENTIFIER = MaximTvilinev.WorldAtlas;
				PRODUCT_NAME = "$(TARGET_NAME)";
				SWIFT_EMIT_LOC_STRINGS = YES;
				SWIFT_VERSION = 5.0;
				TARGETED_DEVICE_FAMILY = "1,2";
			};
			name = Debug;
		};
		9417323C2A14957E00BED3A4 /* Release */ = {
			isa = XCBuildConfiguration;
			buildSettings = {
				ASSETCATALOG_COMPILER_APPICON_NAME = AppIcon;
				ASSETCATALOG_COMPILER_GLOBAL_ACCENT_COLOR_NAME = AccentColor;
				CODE_SIGN_STYLE = Automatic;
				CURRENT_PROJECT_VERSION = 1;
				DEVELOPMENT_TEAM = J8L5S42HGH;
				GENERATE_INFOPLIST_FILE = YES;
				INFOPLIST_FILE = "WorldAtlas/Support files/Info.plist";
				INFOPLIST_KEY_UIApplicationSupportsIndirectInputEvents = YES;
				INFOPLIST_KEY_UILaunchStoryboardName = LaunchScreen;
				INFOPLIST_KEY_UISupportedInterfaceOrientations_iPad = "UIInterfaceOrientationPortrait UIInterfaceOrientationPortraitUpsideDown UIInterfaceOrientationLandscapeLeft UIInterfaceOrientationLandscapeRight";
				INFOPLIST_KEY_UISupportedInterfaceOrientations_iPhone = "UIInterfaceOrientationPortrait UIInterfaceOrientationLandscapeLeft UIInterfaceOrientationLandscapeRight";
				LD_RUNPATH_SEARCH_PATHS = (
					"$(inherited)",
					"@executable_path/Frameworks",
				);
				MARKETING_VERSION = 1.0;
				PRODUCT_BUNDLE_IDENTIFIER = MaximTvilinev.WorldAtlas;
				PRODUCT_NAME = "$(TARGET_NAME)";
				SWIFT_EMIT_LOC_STRINGS = YES;
				SWIFT_VERSION = 5.0;
				TARGETED_DEVICE_FAMILY = "1,2";
			};
			name = Release;
		};
/* End XCBuildConfiguration section */

/* Begin XCConfigurationList section */
		941732212A14957D00BED3A4 /* Build configuration list for PBXProject "WorldAtlas" */ = {
			isa = XCConfigurationList;
			buildConfigurations = (
				941732382A14957E00BED3A4 /* Debug */,
				941732392A14957E00BED3A4 /* Release */,
			);
			defaultConfigurationIsVisible = 0;
			defaultConfigurationName = Release;
		};
		9417323A2A14957E00BED3A4 /* Build configuration list for PBXNativeTarget "WorldAtlas" */ = {
			isa = XCConfigurationList;
			buildConfigurations = (
				9417323B2A14957E00BED3A4 /* Debug */,
				9417323C2A14957E00BED3A4 /* Release */,
			);
			defaultConfigurationIsVisible = 0;
			defaultConfigurationName = Release;
		};
/* End XCConfigurationList section */

/* Begin XCRemoteSwiftPackageReference section */
		94BAE2112A14970D00841856 /* XCRemoteSwiftPackageReference "SnapKit" */ = {
			isa = XCRemoteSwiftPackageReference;
			repositoryURL = "https://github.com/SnapKit/SnapKit.git";
			requirement = {
				kind = upToNextMajorVersion;
				minimumVersion = 5.0.0;
			};
		};
/* End XCRemoteSwiftPackageReference section */

/* Begin XCSwiftPackageProductDependency section */
		94BAE2122A14970D00841856 /* SnapKit */ = {
			isa = XCSwiftPackageProductDependency;
			package = 94BAE2112A14970D00841856 /* XCRemoteSwiftPackageReference "SnapKit" */;
			productName = SnapKit;
		};
/* End XCSwiftPackageProductDependency section */
	};
	rootObject = 9417321E2A14957D00BED3A4 /* Project object */;
}
